{
  "version": 4,
  "terraform_version": "1.14.9",
  "serial": 13,
  "lineage": "26ddefe4-2c3d-56c1-48cd-eab9260b0210",
  "outputs": {
    "public_ip_address": {
      "value": "4.154.158.103",
      "type": "string"
    },
    "resource_group": {
      "value": "RG-Terraform-Lab",
      "type": "string"
    },
    "vm_name": {
      "value": "vm-terraform-lab",
      "type": "string"
    }
  },
  "resources": [
    {
      "mode": "managed",
      "type": "azurerm_network_interface",
      "name": "lab",
      "provider": "provider[\"registry.terraform.io/hashicorp/azurerm\"]",
      "instances": [
        {
          "schema_version": 0,
          "attributes": {
            "accelerated_networking_enabled": false,
            "applied_dns_servers": [],
            "auxiliary_mode": "",
            "auxiliary_sku": "",
            "dns_servers": [],
            "edge_zone": "",
            "enable_accelerated_networking": false,
            "enable_ip_forwarding": false,
            "id": "/subscriptions/253c8431-d7e8-406a-a8b9-19badd3572b4/resourceGroups/RG-Terraform-Lab/providers/Microsoft.Network/networkInterfaces/nic-terraform-lab",
            "internal_dns_name_label": "",
            "internal_domain_name_suffix": "bkzjtsqun4fu5f25gxl0rb24uh.xx.internal.cloudapp.net",
            "ip_configuration": [
              {
                "gateway_load_balancer_frontend_ip_configuration_id": "",
                "name": "internal",
                "primary": true,
                "private_ip_address": "10.0.1.4",
                "private_ip_address_allocation": "Dynamic",
                "private_ip_address_version": "IPv4",
                "public_ip_address_id": "/subscriptions/253c8431-d7e8-406a-a8b9-19badd3572b4/resourceGroups/RG-Terraform-Lab/providers/Microsoft.Network/publicIPAddresses/pip-terraform-lab",
                "subnet_id": "/subscriptions/253c8431-d7e8-406a-a8b9-19badd3572b4/resourceGroups/RG-Terraform-Lab/providers/Microsoft.Network/virtualNetworks/vnet-terraform-lab/subnets/subnet-terraform-lab"
              }
            ],
            "ip_forwarding_enabled": false,
            "location": "westus2",
            "mac_address": "00-22-48-7C-4B-FD",
            "name": "nic-terraform-lab",
            "private_ip_address": "10.0.1.4",
            "private_ip_addresses": [
              "10.0.1.4"
            ],
            "resource_group_name": "RG-Terraform-Lab",
            "tags": {},
            "timeouts": null,
            "virtual_machine_id": "/subscriptions/253c8431-d7e8-406a-a8b9-19badd3572b4/resourceGroups/RG-Terraform-Lab/providers/Microsoft.Compute/virtualMachines/vm-terraform-lab"
          },
          "sensitive_attributes": [],
          "identity_schema_version": 0,
          "private": "eyJlMmJmYjczMC1lY2FhLTExZTYtOGY4OC0zNDM2M2JjN2M0YzAiOnsiY3JlYXRlIjoxODAwMDAwMDAwMDAwLCJkZWxldGUiOjE4MDAwMDAwMDAwMDAsInJlYWQiOjMwMDAwMDAwMDAwMCwidXBkYXRlIjoxODAwMDAwMDAwMDAwfX0=",
          "dependencies": [
            "azurerm_public_ip.lab",
            "azurerm_resource_group.lab",
            "azurerm_subnet.lab",
            "azurerm_virtual_network.lab"
          ]
        }
      ]
    },
    {
      "mode": "managed",
      "type": "azurerm_public_ip",
      "name": "lab",
      "provider": "provider[\"registry.terraform.io/hashicorp/azurerm\"]",
      "instances": [
        {
          "schema_version": 0,
          "attributes": {
            "allocation_method": "Static",
            "ddos_protection_mode": "VirtualNetworkInherited",
            "ddos_protection_plan_id": null,
            "domain_name_label": null,
            "edge_zone": "",
            "fqdn": null,
            "id": "/subscriptions/253c8431-d7e8-406a-a8b9-19badd3572b4/resourceGroups/RG-Terraform-Lab/providers/Microsoft.Network/publicIPAddresses/pip-terraform-lab",
            "idle_timeout_in_minutes": 4,
            "ip_address": "4.154.158.103",
            "ip_tags": {},
            "ip_version": "IPv4",
            "location": "westus2",
            "name": "pip-terraform-lab",
            "public_ip_prefix_id": null,
            "resource_group_name": "RG-Terraform-Lab",
            "reverse_fqdn": null,
            "sku": "Standard",
            "sku_tier": "Regional",
            "tags": {},
            "timeouts": null,
            "zones": []
          },
          "sensitive_attributes": [],
          "identity_schema_version": 0,
          "private": "eyJlMmJmYjczMC1lY2FhLTExZTYtOGY4OC0zNDM2M2JjN2M0YzAiOnsiY3JlYXRlIjoxODAwMDAwMDAwMDAwLCJkZWxldGUiOjE4MDAwMDAwMDAwMDAsInJlYWQiOjMwMDAwMDAwMDAwMCwidXBkYXRlIjoxODAwMDAwMDAwMDAwfX0=",
          "dependencies": [
            "azurerm_resource_group.lab"
          ]
        }
      ]
    },
    {
      "mode": "managed",
      "type": "azurerm_resource_group",
      "name": "lab",
      "provider": "provider[\"registry.terraform.io/hashicorp/azurerm\"]",
      "instances": [
        {
          "schema_version": 0,
          "attributes": {
            "id": "/subscriptions/253c8431-d7e8-406a-a8b9-19badd3572b4/resourceGroups/RG-Terraform-Lab",
            "location": "westus2",
            "managed_by": "",
            "name": "RG-Terraform-Lab",
            "tags": {},
            "timeouts": null
          },
          "sensitive_attributes": [],
          "identity_schema_version": 0,
          "private": "eyJlMmJmYjczMC1lY2FhLTExZTYtOGY4OC0zNDM2M2JjN2M0YzAiOnsiY3JlYXRlIjo1NDAwMDAwMDAwMDAwLCJkZWxldGUiOjU0MDAwMDAwMDAwMDAsInJlYWQiOjMwMDAwMDAwMDAwMCwidXBkYXRlIjo1NDAwMDAwMDAwMDAwfX0="
        }
      ]
    },
    {
      "mode": "managed",
      "type": "azurerm_subnet",
      "name": "lab",
      "provider": "provider[\"registry.terraform.io/hashicorp/azurerm\"]",
      "instances": [
        {
          "schema_version": 0,
          "attributes": {
            "address_prefixes": [
              "10.0.1.0/24"
            ],
            "default_outbound_access_enabled": true,
            "delegation": [],
            "enforce_private_link_endpoint_network_policies": false,
            "enforce_private_link_service_network_policies": false,
            "id": "/subscriptions/253c8431-d7e8-406a-a8b9-19badd3572b4/resourceGroups/RG-Terraform-Lab/providers/Microsoft.Network/virtualNetworks/vnet-terraform-lab/subnets/subnet-terraform-lab",
            "name": "subnet-terraform-lab",
            "private_endpoint_network_policies": "Enabled",
            "private_endpoint_network_policies_enabled": true,
            "private_link_service_network_policies_enabled": true,
            "resource_group_name": "RG-Terraform-Lab",
            "service_endpoint_policy_ids": [],
            "service_endpoints": [],
            "timeouts": null,
            "virtual_network_name": "vnet-terraform-lab"
          },
          "sensitive_attributes": [],
          "identity_schema_version": 0,
          "private": "eyJlMmJmYjczMC1lY2FhLTExZTYtOGY4OC0zNDM2M2JjN2M0YzAiOnsiY3JlYXRlIjoxODAwMDAwMDAwMDAwLCJkZWxldGUiOjE4MDAwMDAwMDAwMDAsInJlYWQiOjMwMDAwMDAwMDAwMCwidXBkYXRlIjoxODAwMDAwMDAwMDAwfX0=",
          "dependencies": [
            "azurerm_resource_group.lab",
            "azurerm_virtual_network.lab"
          ]
        }
      ]
    },
    {
      "mode": "managed",
      "type": "azurerm_virtual_network",
      "name": "lab",
      "provider": "provider[\"registry.terraform.io/hashicorp/azurerm\"]",
      "instances": [
        {
          "schema_version": 0,
          "attributes": {
            "address_space": [
              "10.0.0.0/16"
            ],
            "bgp_community": "",
            "ddos_protection_plan": [],
            "dns_servers": [],
            "edge_zone": "",
            "encryption": [],
            "flow_timeout_in_minutes": 0,
            "guid": "ca99b20a-6f14-4f8b-979f-35d7a8879ea7",
            "id": "/subscriptions/253c8431-d7e8-406a-a8b9-19badd3572b4/resourceGroups/RG-Terraform-Lab/providers/Microsoft.Network/virtualNetworks/vnet-terraform-lab",
            "location": "westus2",
            "name": "vnet-terraform-lab",
            "resource_group_name": "RG-Terraform-Lab",
            "subnet": [
              {
                "address_prefix": "10.0.1.0/24",
                "id": "/subscriptions/253c8431-d7e8-406a-a8b9-19badd3572b4/resourceGroups/RG-Terraform-Lab/providers/Microsoft.Network/virtualNetworks/vnet-terraform-lab/subnets/subnet-terraform-lab",
                "name": "subnet-terraform-lab",
                "security_group": ""
              }
            ],
            "tags": {},
            "timeouts": null
          },
          "sensitive_attributes": [],
          "identity_schema_version": 0,
          "private": "eyJlMmJmYjczMC1lY2FhLTExZTYtOGY4OC0zNDM2M2JjN2M0YzAiOnsiY3JlYXRlIjoxODAwMDAwMDAwMDAwLCJkZWxldGUiOjE4MDAwMDAwMDAwMDAsInJlYWQiOjMwMDAwMDAwMDAwMCwidXBkYXRlIjoxODAwMDAwMDAwMDAwfX0=",
          "dependencies": [
            "azurerm_resource_group.lab"
          ]
        }
      ]
    },
    {
      "mode": "managed",
      "type": "azurerm_windows_virtual_machine",
      "name": "lab",
      "provider": "provider[\"registry.terraform.io/hashicorp/azurerm\"]",
      "instances": [
        {
          "schema_version": 0,
          "attributes": {
            "additional_capabilities": [],
            "additional_unattend_content": [],
            "admin_password": "LabAdmin123!",
            "admin_username": "labadmin",
            "allow_extension_operations": true,
            "availability_set_id": "",
            "boot_diagnostics": [],
            "bypass_platform_safety_checks_on_user_schedule_enabled": false,
            "capacity_reservation_group_id": "",
            "computer_name": "vm-tf-lab",
            "custom_data": null,
            "dedicated_host_group_id": "",
            "dedicated_host_id": "",
            "disk_controller_type": "",
            "edge_zone": "",
            "enable_automatic_updates": true,
            "encryption_at_host_enabled": false,
            "eviction_policy": "",
            "extensions_time_budget": "PT1H30M",
            "gallery_application": [],
            "hotpatching_enabled": false,
            "id": "/subscriptions/253c8431-d7e8-406a-a8b9-19badd3572b4/resourceGroups/RG-Terraform-Lab/providers/Microsoft.Compute/virtualMachines/vm-terraform-lab",
            "identity": [],
            "license_type": "",
            "location": "westus2",
            "max_bid_price": -1,
            "name": "vm-terraform-lab",
            "network_interface_ids": [
              "/subscriptions/253c8431-d7e8-406a-a8b9-19badd3572b4/resourceGroups/RG-Terraform-Lab/providers/Microsoft.Network/networkInterfaces/nic-terraform-lab"
            ],
            "os_disk": [
              {
                "caching": "ReadWrite",
                "diff_disk_settings": [],
                "disk_encryption_set_id": "",
                "disk_size_gb": 127,
                "name": "vm-terraform-lab_OsDisk_1_c28706f214b546bc8ab6c43ad7e57051",
                "secure_vm_disk_encryption_set_id": "",
                "security_encryption_type": "",
                "storage_account_type": "Standard_LRS",
                "write_accelerator_enabled": false
              }
            ],
            "os_image_notification": [],
            "patch_assessment_mode": "ImageDefault",
            "patch_mode": "AutomaticByOS",
            "plan": [],
            "platform_fault_domain": -1,
            "priority": "Regular",
            "private_ip_address": "10.0.1.4",
            "private_ip_addresses": [
              "10.0.1.4"
            ],
            "provision_vm_agent": true,
            "proximity_placement_group_id": "",
            "public_ip_address": "4.154.158.103",
            "public_ip_addresses": [
              "4.154.158.103"
            ],
            "reboot_setting": "",
            "resource_group_name": "RG-Terraform-Lab",
            "secret": [],
            "secure_boot_enabled": false,
            "size": "Standard_B2ats_v2",
            "source_image_id": "",
            "source_image_reference": [
              {
                "offer": "WindowsServer",
                "publisher": "MicrosoftWindowsServer",
                "sku": "2022-Datacenter",
                "version": "latest"
              }
            ],
            "tags": {},
            "termination_notification": [],
            "timeouts": null,
            "timezone": "",
            "user_data": "",
            "virtual_machine_id": "34e4fc19-a0dc-42c6-96db-c70c530ec7fa",
            "virtual_machine_scale_set_id": "",
            "vm_agent_platform_updates_enabled": true,
            "vtpm_enabled": false,
            "winrm_listener": [],
            "zone": ""
          },
          "sensitive_attributes": [
            [
              {
                "type": "get_attr",
                "value": "admin_password"
              }
            ],
            [
              {
                "type": "get_attr",
                "value": "custom_data"
              }
            ]
          ],
          "identity_schema_version": 0,
          "private": "eyJlMmJmYjczMC1lY2FhLTExZTYtOGY4OC0zNDM2M2JjN2M0YzAiOnsiY3JlYXRlIjoyNzAwMDAwMDAwMDAwLCJkZWxldGUiOjI3MDAwMDAwMDAwMDAsInJlYWQiOjMwMDAwMDAwMDAwMCwidXBkYXRlIjoyNzAwMDAwMDAwMDAwfX0=",
          "dependencies": [
            "azurerm_network_interface.lab",
            "azurerm_public_ip.lab",
            "azurerm_resource_group.lab",
            "azurerm_subnet.lab",
            "azurerm_virtual_network.lab"
          ]
        }
      ]
    }
  ],
  "check_results": null
}
